
Microsoft Visual Studio Solution File, Format Version 12.00
# Visual Studio Version 16
VisualStudioVersion = 16.0.29728.190
MinimumVisualStudioVersion = 10.0.40219.1
Project("{FAE04EC0-301F-11D3-BF4B-00C04F79EFBC}") = "MuteSpotifyAds", "MuteSpotifyAds\MuteSpotifyAds.csproj", "{B98E76A5-523D-4459-9FEF-BE011A2F98AB}"
EndProject
Global
	GlobalSection(SolutionConfigurationPlatforms) = preSolution
		Debug|Any CPU = Debug|Any CPU
		Release|Any CPU = Release|Any CPU
	EndGlobalSection
	GlobalSection(ProjectConfigurationPlatforms) = postSolution
		{B98E76A5-523D-4459-9FEF-BE011A2F98AB}.Debug|Any CPU.ActiveCfg = Debug|Any CPU
		{B98E76A5-523D-4459-9FEF-BE011A2F98AB}.Debug|Any CPU.Build.0 = Debug|Any CPU
		{B98E76A5-523D-4459-9FEF-BE011A2F98AB}.Release|Any CPU.ActiveCfg = Release|Any CPU
		{B98E76A5-523D-4459-9FEF-BE011A2F98AB}.Release|Any CPU.Build.0 = Release|Any CPU
	EndGlobalSection
	GlobalSection(SolutionProperties) = preSolution
		HideSolutionNode = FALSE
	EndGlobalSection
	GlobalSection(ExtensibilityGlobals) = postSolution
		SolutionGuid = {FA20557A-F478-488C-B176-F71A38310176}
	EndGlobalSection
EndGlobal
